[{<<"ddb_client">>,{pkg,<<"ddb_client">>,<<"0.1.17">>},0},
 {<<"dproto">>,{pkg,<<"dproto">>,<<"0.1.12">>},1},
 {<<"ensq">>,{pkg,<<"ensq">>,<<"0.1.6">>},0},
 {<<"eper">>,{pkg,<<"eper">>,<<"0.94.0">>},0},
 {<<"fifo_utils">>,{pkg,<<"fifo_utils">>,<<"0.1.22">>},0},
 {<<"goldrush">>,{pkg,<<"goldrush">>,<<"0.1.7">>},1},
 {<<"jsx">>,{pkg,<<"jsx">>,<<"1.4.5">>},0},
 {<<"jsxd">>,{pkg,<<"jsxd">>,<<"0.1.10">>},1},
 {<<"lager">>,{pkg,<<"lager">>,<<"3.0.2">>},0},
 {<<"mmath">>,{pkg,<<"mmath">>,<<"0.1.15">>},1},
 {<<"quickrand">>,{pkg,<<"quickrand">>,<<"1.5.1">>},2},
 {<<"recon">>,{pkg,<<"recon">>,<<"2.2.1">>},0},
 {<<"uuid">>,{pkg,<<"uuid_erl">>,<<"1.5.1">>},1}].
